
Microsoft Visual Studio Solution File, Format Version 12.00
# Visual Studio 15
VisualStudioVersion = 15.0.28010.2046
MinimumVisualStudioVersion = 10.0.40219.1
Project("{FAE04EC0-301F-11D3-BF4B-00C04F79EFBC}") = "ProjectForLoops", "ProjectForLoops.csproj", "{94E59589-0A67-4380-8D4C-F842CE558625}"
EndProject
Global
	GlobalSection(SolutionConfigurationPlatforms) = preSolution
		Debug|Any CPU = Debug|Any CPU
		Release|Any CPU = Release|Any CPU
	EndGlobalSection
	GlobalSection(ProjectConfigurationPlatforms) = postSolution
		{94E59589-0A67-4380-8D4C-F842CE558625}.Debug|Any CPU.ActiveCfg = Debug|Any CPU
		{94E59589-0A67-4380-8D4C-F842CE558625}.Debug|Any CPU.Build.0 = Debug|Any CPU
		{94E59589-0A67-4380-8D4C-F842CE558625}.Release|Any CPU.ActiveCfg = Release|Any CPU
		{94E59589-0A67-4380-8D4C-F842CE558625}.Release|Any CPU.Build.0 = Release|Any CPU
	EndGlobalSection
	GlobalSection(SolutionProperties) = preSolution
		HideSolutionNode = FALSE
	EndGlobalSection
	GlobalSection(ExtensibilityGlobals) = postSolution
		SolutionGuid = {E1FF9310-0468-435C-9139-2C7775D49FE7}
	EndGlobalSection
EndGlobal
