
Microsoft Visual Studio Solution File, Format Version 12.00
# Visual Studio 15
VisualStudioVersion = 15.0.28010.2046
MinimumVisualStudioVersion = 10.0.40219.1
Project("{FAE04EC0-301F-11D3-BF4B-00C04F79EFBC}") = "Persons", "Persons.csproj", "{805975F0-6471-4B3B-A58F-12CBC1FFF44E}"
EndProject
Global
	GlobalSection(SolutionConfigurationPlatforms) = preSolution
		Debug|Any CPU = Debug|Any CPU
		Release|Any CPU = Release|Any CPU
	EndGlobalSection
	GlobalSection(ProjectConfigurationPlatforms) = postSolution
		{805975F0-6471-4B3B-A58F-12CBC1FFF44E}.Debug|Any CPU.ActiveCfg = Debug|Any CPU
		{805975F0-6471-4B3B-A58F-12CBC1FFF44E}.Debug|Any CPU.Build.0 = Debug|Any CPU
		{805975F0-6471-4B3B-A58F-12CBC1FFF44E}.Release|Any CPU.ActiveCfg = Release|Any CPU
		{805975F0-6471-4B3B-A58F-12CBC1FFF44E}.Release|Any CPU.Build.0 = Release|Any CPU
	EndGlobalSection
	GlobalSection(SolutionProperties) = preSolution
		HideSolutionNode = FALSE
	EndGlobalSection
	GlobalSection(ExtensibilityGlobals) = postSolution
		SolutionGuid = {94D8C63C-5E46-4E1F-B284-4A6E4DF24580}
	EndGlobalSection
EndGlobal
