
Microsoft Visual Studio Solution File, Format Version 12.00
# Visual Studio 15
VisualStudioVersion = 15.0.28010.2046
MinimumVisualStudioVersion = 10.0.40219.1
Project("{FAE04EC0-301F-11D3-BF4B-00C04F79EFBC}") = "File_IO", "File_IO.csproj", "{CCCE0887-4EAF-41A0-BD80-1522BF5F37B8}"
EndProject
Global
	GlobalSection(SolutionConfigurationPlatforms) = preSolution
		Debug|Any CPU = Debug|Any CPU
		Release|Any CPU = Release|Any CPU
	EndGlobalSection
	GlobalSection(ProjectConfigurationPlatforms) = postSolution
		{CCCE0887-4EAF-41A0-BD80-1522BF5F37B8}.Debug|Any CPU.ActiveCfg = Debug|Any CPU
		{CCCE0887-4EAF-41A0-BD80-1522BF5F37B8}.Debug|Any CPU.Build.0 = Debug|Any CPU
		{CCCE0887-4EAF-41A0-BD80-1522BF5F37B8}.Release|Any CPU.ActiveCfg = Release|Any CPU
		{CCCE0887-4EAF-41A0-BD80-1522BF5F37B8}.Release|Any CPU.Build.0 = Release|Any CPU
	EndGlobalSection
	GlobalSection(SolutionProperties) = preSolution
		HideSolutionNode = FALSE
	EndGlobalSection
	GlobalSection(ExtensibilityGlobals) = postSolution
		SolutionGuid = {9F5FE860-B2D1-4ABA-BC11-4F12489C2EEA}
	EndGlobalSection
EndGlobal
