
Microsoft Visual Studio Solution File, Format Version 12.00
# Visual Studio 15
VisualStudioVersion = 15.0.28010.2046
MinimumVisualStudioVersion = 10.0.40219.1
Project("{FAE04EC0-301F-11D3-BF4B-00C04F79EFBC}") = "Tech_Academy_Student", "Tech_Academy_Student.csproj", "{242015EC-7768-454D-8791-F2502D89FAAE}"
EndProject
Global
	GlobalSection(SolutionConfigurationPlatforms) = preSolution
		Debug|Any CPU = Debug|Any CPU
		Release|Any CPU = Release|Any CPU
	EndGlobalSection
	GlobalSection(ProjectConfigurationPlatforms) = postSolution
		{242015EC-7768-454D-8791-F2502D89FAAE}.Debug|Any CPU.ActiveCfg = Debug|Any CPU
		{242015EC-7768-454D-8791-F2502D89FAAE}.Debug|Any CPU.Build.0 = Debug|Any CPU
		{242015EC-7768-454D-8791-F2502D89FAAE}.Release|Any CPU.ActiveCfg = Release|Any CPU
		{242015EC-7768-454D-8791-F2502D89FAAE}.Release|Any CPU.Build.0 = Release|Any CPU
	EndGlobalSection
	GlobalSection(SolutionProperties) = preSolution
		HideSolutionNode = FALSE
	EndGlobalSection
	GlobalSection(ExtensibilityGlobals) = postSolution
		SolutionGuid = {6C0B492E-799A-443E-B8F4-8B494E0577D4}
	EndGlobalSection
EndGlobal
