
Microsoft Visual Studio Solution File, Format Version 12.00
# Visual Studio 15
VisualStudioVersion = 15.0.28010.2046
MinimumVisualStudioVersion = 10.0.40219.1
Project("{FAE04EC0-301F-11D3-BF4B-00C04F79EFBC}") = "Notefor_TryandCatchLoops", "Notefor_TryandCatchLoops.csproj", "{65E84992-7CA1-4525-AA6E-81614A2B21BB}"
EndProject
Global
	GlobalSection(SolutionConfigurationPlatforms) = preSolution
		Debug|Any CPU = Debug|Any CPU
		Release|Any CPU = Release|Any CPU
	EndGlobalSection
	GlobalSection(ProjectConfigurationPlatforms) = postSolution
		{65E84992-7CA1-4525-AA6E-81614A2B21BB}.Debug|Any CPU.ActiveCfg = Debug|Any CPU
		{65E84992-7CA1-4525-AA6E-81614A2B21BB}.Debug|Any CPU.Build.0 = Debug|Any CPU
		{65E84992-7CA1-4525-AA6E-81614A2B21BB}.Release|Any CPU.ActiveCfg = Release|Any CPU
		{65E84992-7CA1-4525-AA6E-81614A2B21BB}.Release|Any CPU.Build.0 = Release|Any CPU
	EndGlobalSection
	GlobalSection(SolutionProperties) = preSolution
		HideSolutionNode = FALSE
	EndGlobalSection
	GlobalSection(ExtensibilityGlobals) = postSolution
		SolutionGuid = {DC3CF642-190F-4015-8D6A-7D51FE2B2D09}
	EndGlobalSection
EndGlobal
