
Microsoft Visual Studio Solution File, Format Version 12.00
# Visual Studio 15
VisualStudioVersion = 15.0.28010.2046
MinimumVisualStudioVersion = 10.0.40219.1
Project("{FAE04EC0-301F-11D3-BF4B-00C04F79EFBC}") = "EmployeeSalaryComparision", "EmployeeSalaryComparision.csproj", "{D2C47452-F8B2-4E7B-9932-52668309A004}"
EndProject
Global
	GlobalSection(SolutionConfigurationPlatforms) = preSolution
		Debug|Any CPU = Debug|Any CPU
		Release|Any CPU = Release|Any CPU
	EndGlobalSection
	GlobalSection(ProjectConfigurationPlatforms) = postSolution
		{D2C47452-F8B2-4E7B-9932-52668309A004}.Debug|Any CPU.ActiveCfg = Debug|Any CPU
		{D2C47452-F8B2-4E7B-9932-52668309A004}.Debug|Any CPU.Build.0 = Debug|Any CPU
		{D2C47452-F8B2-4E7B-9932-52668309A004}.Release|Any CPU.ActiveCfg = Release|Any CPU
		{D2C47452-F8B2-4E7B-9932-52668309A004}.Release|Any CPU.Build.0 = Release|Any CPU
	EndGlobalSection
	GlobalSection(SolutionProperties) = preSolution
		HideSolutionNode = FALSE
	EndGlobalSection
	GlobalSection(ExtensibilityGlobals) = postSolution
		SolutionGuid = {BC9C2425-6A1B-48F6-8292-24E88E6BFFE5}
	EndGlobalSection
EndGlobal
