
Microsoft Visual Studio Solution File, Format Version 12.00
# Visual Studio 15
VisualStudioVersion = 15.0.28010.2046
MinimumVisualStudioVersion = 10.0.40219.1
Project("{FAE04EC0-301F-11D3-BF4B-00C04F79EFBC}") = "BooleanLogic", "BooleanLogic.csproj", "{43D23F6D-8F89-4058-BF29-B6526340E993}"
EndProject
Global
	GlobalSection(SolutionConfigurationPlatforms) = preSolution
		Debug|Any CPU = Debug|Any CPU
		Release|Any CPU = Release|Any CPU
	EndGlobalSection
	GlobalSection(ProjectConfigurationPlatforms) = postSolution
		{43D23F6D-8F89-4058-BF29-B6526340E993}.Debug|Any CPU.ActiveCfg = Debug|Any CPU
		{43D23F6D-8F89-4058-BF29-B6526340E993}.Debug|Any CPU.Build.0 = Debug|Any CPU
		{43D23F6D-8F89-4058-BF29-B6526340E993}.Release|Any CPU.ActiveCfg = Release|Any CPU
		{43D23F6D-8F89-4058-BF29-B6526340E993}.Release|Any CPU.Build.0 = Release|Any CPU
	EndGlobalSection
	GlobalSection(SolutionProperties) = preSolution
		HideSolutionNode = FALSE
	EndGlobalSection
	GlobalSection(ExtensibilityGlobals) = postSolution
		SolutionGuid = {62736D9A-428A-4AE4-AA1B-30C588CBF993}
	EndGlobalSection
EndGlobal
