
Microsoft Visual Studio Solution File, Format Version 12.00
# Visual Studio 15
VisualStudioVersion = 15.0.28010.2046
MinimumVisualStudioVersion = 10.0.40219.1
Project("{FAE04EC0-301F-11D3-BF4B-00C04F79EFBC}") = "ArrayAndList", "ArrayAndList.csproj", "{D9912D83-4BC0-4A58-A7C7-C0C547775ADB}"
EndProject
Global
	GlobalSection(SolutionConfigurationPlatforms) = preSolution
		Debug|Any CPU = Debug|Any CPU
		Release|Any CPU = Release|Any CPU
	EndGlobalSection
	GlobalSection(ProjectConfigurationPlatforms) = postSolution
		{D9912D83-4BC0-4A58-A7C7-C0C547775ADB}.Debug|Any CPU.ActiveCfg = Debug|Any CPU
		{D9912D83-4BC0-4A58-A7C7-C0C547775ADB}.Debug|Any CPU.Build.0 = Debug|Any CPU
		{D9912D83-4BC0-4A58-A7C7-C0C547775ADB}.Release|Any CPU.ActiveCfg = Release|Any CPU
		{D9912D83-4BC0-4A58-A7C7-C0C547775ADB}.Release|Any CPU.Build.0 = Release|Any CPU
	EndGlobalSection
	GlobalSection(SolutionProperties) = preSolution
		HideSolutionNode = FALSE
	EndGlobalSection
	GlobalSection(ExtensibilityGlobals) = postSolution
		SolutionGuid = {BE2FBCBA-381A-486D-B1EB-40A7BE84B989}
	EndGlobalSection
EndGlobal
